
Microsoft Visual Studio Solution File, Format Version 12.00
# Visual Studio 15
VisualStudioVersion = 15.0.28010.2036
MinimumVisualStudioVersion = 10.0.40219.1
Project("{FAE04EC0-301F-11D3-BF4B-00C04F79EFBC}") = "AspNetCoreProject", "AspNetCoreProject\AspNetCoreProject.csproj", "{2E493BF4-0B5E-4CBB-B618-5BDC56F9C9EF}"
EndProject
Project("{FAE04EC0-301F-11D3-BF4B-00C04F79EFBC}") = "DataLayer", "DataLayer\DataLayer.csproj", "{C63D5ACE-7B04-4E25-B420-8413DB2100FE}"
EndProject
Global
	GlobalSection(SolutionConfigurationPlatforms) = preSolution
		Debug|Any CPU = Debug|Any CPU
		Release|Any CPU = Release|Any CPU
	EndGlobalSection
	GlobalSection(ProjectConfigurationPlatforms) = postSolution
		{2E493BF4-0B5E-4CBB-B618-5BDC56F9C9EF}.Debug|Any CPU.ActiveCfg = Debug|Any CPU
		{2E493BF4-0B5E-4CBB-B618-5BDC56F9C9EF}.Debug|Any CPU.Build.0 = Debug|Any CPU
		{2E493BF4-0B5E-4CBB-B618-5BDC56F9C9EF}.Release|Any CPU.ActiveCfg = Release|Any CPU
		{2E493BF4-0B5E-4CBB-B618-5BDC56F9C9EF}.Release|Any CPU.Build.0 = Release|Any CPU
		{C63D5ACE-7B04-4E25-B420-8413DB2100FE}.Debug|Any CPU.ActiveCfg = Debug|Any CPU
		{C63D5ACE-7B04-4E25-B420-8413DB2100FE}.Debug|Any CPU.Build.0 = Debug|Any CPU
		{C63D5ACE-7B04-4E25-B420-8413DB2100FE}.Release|Any CPU.ActiveCfg = Release|Any CPU
		{C63D5ACE-7B04-4E25-B420-8413DB2100FE}.Release|Any CPU.Build.0 = Release|Any CPU
	EndGlobalSection
	GlobalSection(SolutionProperties) = preSolution
		HideSolutionNode = FALSE
	EndGlobalSection
	GlobalSection(ExtensibilityGlobals) = postSolution
		SolutionGuid = {28537F4A-6CAE-4F9A-B76D-F695CFF55FCB}
	EndGlobalSection
EndGlobal
